{
  "nodes": {
    "commonmark-simple": {
      "flake": false,
      "locked": {
        "lastModified": 1705078713,
        "narHash": "sha256-YgDHJG8M47ZXGLWu8o7MhXbIrgQ0Ai32Gr8nKvZGGw8=",
        "owner": "srid",
        "repo": "commonmark-simple",
        "rev": "fc106c94f781f6a35ef66900880edc08cbe3b034",
        "type": "github"
      },
      "original": {
        "owner": "srid",
        "repo": "commonmark-simple",
        "type": "github"
      }
    },
    "commonmark-wikilink": {
      "flake": false,
      "locked": {
        "lastModified": 1705502834,
        "narHash": "sha256-79fzI4fPhCkfusDXctQwwmjIcWMrLfTvUtKBY32asuM=",
        "owner": "srid",
        "repo": "commonmark-wikilink",
        "rev": "f6d7bdf7f1fce09ba2a4259b0306b0eef24c0cf7",
        "type": "github"
      },
      "original": {
        "owner": "srid",
        "repo": "commonmark-wikilink",
        "type": "github"
      }
    },
    "deploy-rs": {
      "inputs": {
        "flake-compat": "flake-compat",
        "nixpkgs": "nixpkgs",
        "utils": "utils"
      },
      "locked": {
        "lastModified": 1708091384,
        "narHash": "sha256-dTGGw2y8wvfjr+J9CjQbfdulOq72hUG17HXVNxpH1yE=",
        "owner": "serokell",
        "repo": "deploy-rs",
        "rev": "0a0187794ac7f7a1e62cda3dabf8dc041f868790",
        "type": "github"
      },
      "original": {
        "owner": "serokell",
        "repo": "deploy-rs",
        "type": "github"
      }
    },
    "ema": {
      "inputs": {
        "flake-parts": [
          "emanote",
          "flake-parts"
        ],
        "flake-root": [
          "emanote",
          "flake-root"
        ],
        "haskell-flake": [
          "emanote",
          "haskell-flake"
        ],
        "nixpkgs": [
          "emanote",
          "nixpkgs"
        ],
        "treefmt-nix": [
          "emanote",
          "treefmt-nix"
        ]
      },
      "locked": {
        "lastModified": 1707484760,
        "narHash": "sha256-2wHRjoFJUpVnH7H/80bnaw8h3WELZqP9dM6DfjXWtAo=",
        "owner": "srid",
        "repo": "ema",
        "rev": "e3539ddd27b72a6bb90c8614ae63c70ff3351936",
        "type": "github"
      },
      "original": {
        "owner": "srid",
        "repo": "ema",
        "type": "github"
      }
    },
    "emacs-overlay": {
      "inputs": {
        "flake-utils": "flake-utils",
        "nixpkgs": [
          "nixpkgs"
        ],
        "nixpkgs-stable": "nixpkgs-stable"
      },
      "locked": {
        "lastModified": 1708596385,
        "narHash": "sha256-Qub4NbZZwXr3dOltzIO729NW+aHlN56Cycs+WjvmVi4=",
        "owner": "nix-community",
        "repo": "emacs-overlay",
        "rev": "9657a4d41b7efd275488613a3c408765b4d55e5b",
        "type": "github"
      },
      "original": {
        "owner": "nix-community",
        "repo": "emacs-overlay",
        "type": "github"
      }
    },
    "emanote": {
      "inputs": {
        "commonmark-simple": "commonmark-simple",
        "commonmark-wikilink": "commonmark-wikilink",
        "ema": "ema",
        "emanote-template": "emanote-template",
        "flake-parts": "flake-parts",
        "flake-root": "flake-root",
        "haskell-flake": "haskell-flake",
        "heist-extra": "heist-extra",
        "nixpkgs": "nixpkgs_2",
        "systems": "systems_3",
        "treefmt-nix": "treefmt-nix",
        "unionmount": "unionmount"
      },
      "locked": {
        "lastModified": 1708468567,
        "narHash": "sha256-ALNX+wDwo3DZcOZaKSZefupHiVmAJE6eDsza7Xym5Cc=",
        "owner": "EmaApps",
        "repo": "emanote",
        "rev": "90ac7be7270417948e84b43d2725061206c8f129",
        "type": "github"
      },
      "original": {
        "owner": "EmaApps",
        "repo": "emanote",
        "type": "github"
      }
    },
    "emanote-template": {
      "flake": false,
      "locked": {
        "lastModified": 1703877265,
        "narHash": "sha256-2xdikzzHrIHr1s2pAJrBJU8mZP258Na3V4P4RWteDZM=",
        "owner": "srid",
        "repo": "emanote-template",
        "rev": "9d458b63c80162519ae55814e60f17cc9d3f95a3",
        "type": "github"
      },
      "original": {
        "owner": "srid",
        "repo": "emanote-template",
        "type": "github"
      }
    },
    "flake-compat": {
      "flake": false,
      "locked": {
        "lastModified": 1696426674,
        "narHash": "sha256-kvjfFW7WAETZlt09AgDn1MrtKzP7t90Vf7vypd3OL1U=",
        "owner": "edolstra",
        "repo": "flake-compat",
        "rev": "0f9255e01c2351cc7d116c072cb317785dd33b33",
        "type": "github"
      },
      "original": {
        "owner": "edolstra",
        "repo": "flake-compat",
        "type": "github"
      }
    },
    "flake-parts": {
      "inputs": {
        "nixpkgs-lib": "nixpkgs-lib"
      },
      "locked": {
        "lastModified": 1704982712,
        "narHash": "sha256-2Ptt+9h8dczgle2Oo6z5ni5rt/uLMG47UFTR1ry/wgg=",
        "owner": "hercules-ci",
        "repo": "flake-parts",
        "rev": "07f6395285469419cf9d078f59b5b49993198c00",
        "type": "github"
      },
      "original": {
        "owner": "hercules-ci",
        "repo": "flake-parts",
        "type": "github"
      }
    },
    "flake-parts_2": {
      "inputs": {
        "nixpkgs-lib": "nixpkgs-lib_2"
      },
      "locked": {
        "lastModified": 1671575600,
        "narHash": "sha256-Wmbb7vEOHMFvGjqn/Jgck+fTwZ/N3k80bMG2yT+RZeg=",
        "owner": "hercules-ci",
        "repo": "flake-parts",
        "rev": "0f13f0455740c3dabee986eb86a976073e31f4de",
        "type": "github"
      },
      "original": {
        "owner": "hercules-ci",
        "repo": "flake-parts",
        "type": "github"
      }
    },
    "flake-parts_3": {
      "inputs": {
        "nixpkgs-lib": "nixpkgs-lib_3"
      },
      "locked": {
        "lastModified": 1672152762,
        "narHash": "sha256-U8iWWHgabN07zfbgedogMVWrEP1Zywyf3Yx3OYHSSgE=",
        "owner": "hercules-ci",
        "repo": "flake-parts",
        "rev": "19e0f88324d90509141e192664ded98bb88ef9b2",
        "type": "github"
      },
      "original": {
        "owner": "hercules-ci",
        "repo": "flake-parts",
        "type": "github"
      }
    },
    "flake-root": {
      "locked": {
        "lastModified": 1692742795,
        "narHash": "sha256-f+Y0YhVCIJ06LemO+3Xx00lIcqQxSKJHXT/yk1RTKxw=",
        "owner": "srid",
        "repo": "flake-root",
        "rev": "d9a70d9c7a5fd7f3258ccf48da9335e9b47c3937",
        "type": "github"
      },
      "original": {
        "owner": "srid",
        "repo": "flake-root",
        "type": "github"
      }
    },
    "flake-utils": {
      "inputs": {
        "systems": "systems_2"
      },
      "locked": {
        "lastModified": 1705309234,
        "narHash": "sha256-uNRRNRKmJyCRC/8y1RqBkqWBLM034y4qN7EprSdmgyA=",
        "owner": "numtide",
        "repo": "flake-utils",
        "rev": "1ef2e671c3b0c19053962c07dbda38332dcebf26",
        "type": "github"
      },
      "original": {
        "owner": "numtide",
        "repo": "flake-utils",
        "type": "github"
      }
    },
    "flake-utils_2": {
      "inputs": {
        "systems": "systems_4"
      },
      "locked": {
        "lastModified": 1705309234,
        "narHash": "sha256-uNRRNRKmJyCRC/8y1RqBkqWBLM034y4qN7EprSdmgyA=",
        "owner": "numtide",
        "repo": "flake-utils",
        "rev": "1ef2e671c3b0c19053962c07dbda38332dcebf26",
        "type": "github"
      },
      "original": {
        "owner": "numtide",
        "repo": "flake-utils",
        "type": "github"
      }
    },
    "flake-utils_3": {
      "locked": {
        "lastModified": 1601282935,
        "narHash": "sha256-WQAFV6sGGQxrRs3a+/Yj9xUYvhTpukQJIcMbIi7LCJ4=",
        "owner": "numtide",
        "repo": "flake-utils",
        "rev": "588973065fce51f4763287f0fda87a174d78bf48",
        "type": "github"
      },
      "original": {
        "owner": "numtide",
        "repo": "flake-utils",
        "type": "github"
      }
    },
    "flake-utils_4": {
      "inputs": {
        "systems": "systems_6"
      },
      "locked": {
        "lastModified": 1705309234,
        "narHash": "sha256-uNRRNRKmJyCRC/8y1RqBkqWBLM034y4qN7EprSdmgyA=",
        "owner": "numtide",
        "repo": "flake-utils",
        "rev": "1ef2e671c3b0c19053962c07dbda38332dcebf26",
        "type": "github"
      },
      "original": {
        "owner": "numtide",
        "repo": "flake-utils",
        "type": "github"
      }
    },
    "garminDB": {
      "inputs": {
        "flake-parts": "flake-parts_2",
        "nixpkgs": "nixpkgs_3",
        "pypi-deps-db": "pypi-deps-db"
      },
      "locked": {
        "lastModified": 1671823999,
        "narHash": "sha256-ujYVkxMrMza+/xRZYbQl7dCipEnr1EEuE4qhjfFLJHQ=",
        "owner": "fedeizzo",
        "repo": "GarminDB",
        "rev": "6e12d1783ecca4c34053c27107f712f503e06ca6",
        "type": "github"
      },
      "original": {
        "owner": "fedeizzo",
        "repo": "GarminDB",
        "type": "github"
      }
    },
    "haskell-flake": {
      "locked": {
        "lastModified": 1707835791,
        "narHash": "sha256-oQbDPHtver9DO8IJCBMq/TVbscCkxuw9tIfBBti71Yk=",
        "owner": "srid",
        "repo": "haskell-flake",
        "rev": "5113f700d6e92199fbe0574f7d12c775bb169702",
        "type": "github"
      },
      "original": {
        "owner": "srid",
        "repo": "haskell-flake",
        "type": "github"
      }
    },
    "heist-extra": {
      "flake": false,
      "locked": {
        "lastModified": 1706086475,
        "narHash": "sha256-scXMVFKSaS4Wi4y6I84oPKHaTmLECsvq8eLxGL0XH5o=",
        "owner": "srid",
        "repo": "heist-extra",
        "rev": "c6d8ef79b415fab276fb461d5860bbf2628e6e43",
        "type": "github"
      },
      "original": {
        "owner": "srid",
        "repo": "heist-extra",
        "type": "github"
      }
    },
    "home-manager": {
      "inputs": {
        "nixpkgs": [
          "nixpkgs"
        ]
      },
      "locked": {
        "lastModified": 1702195668,
        "narHash": "sha256-Lxmjez0nfNBptdqV5GsXKm7Bb7swjGsrxiLxWJu0tL8=",
        "owner": "nix-community",
        "repo": "home-manager",
        "rev": "33110fb3c7fe6a94b98b641866a5eddb64b7c23f",
        "type": "github"
      },
      "original": {
        "owner": "nix-community",
        "ref": "release-23.05",
        "repo": "home-manager",
        "type": "github"
      }
    },
    "hyprland": {
      "inputs": {
        "hyprland-protocols": "hyprland-protocols",
        "hyprlang": "hyprlang",
        "nixpkgs": [
          "nixpkgs-unstable"
        ],
        "systems": "systems_5",
        "wlroots": "wlroots",
        "xdph": "xdph"
      },
      "locked": {
        "lastModified": 1708571401,
        "narHash": "sha256-FrWzY1x7BaAJMawSZLKcwqrnVllh8CknmzyqEGm1040=",
        "owner": "hyprwm",
        "repo": "Hyprland",
        "rev": "94aeb06d6ba14d403c46b52d1d2e397acb5906a4",
        "type": "github"
      },
      "original": {
        "owner": "hyprwm",
        "repo": "Hyprland",
        "type": "github"
      }
    },
    "hyprland-protocols": {
      "inputs": {
        "nixpkgs": [
          "hyprland",
          "nixpkgs"
        ],
        "systems": [
          "hyprland",
          "systems"
        ]
      },
      "locked": {
        "lastModified": 1691753796,
        "narHash": "sha256-zOEwiWoXk3j3+EoF3ySUJmberFewWlagvewDRuWYAso=",
        "owner": "hyprwm",
        "repo": "hyprland-protocols",
        "rev": "0c2ce70625cb30aef199cb388f99e19a61a6ce03",
        "type": "github"
      },
      "original": {
        "owner": "hyprwm",
        "repo": "hyprland-protocols",
        "type": "github"
      }
    },
    "hyprlang": {
      "inputs": {
        "nixpkgs": [
          "hyprland",
          "nixpkgs"
        ]
      },
      "locked": {
        "lastModified": 1708005943,
        "narHash": "sha256-9TT3xk++LI5/SPYgjYX34xZ4ebR93c1uerIq+SE/ues=",
        "owner": "hyprwm",
        "repo": "hyprlang",
        "rev": "aeb3e012adc7b3235335c540b214b82267c2b983",
        "type": "github"
      },
      "original": {
        "owner": "hyprwm",
        "repo": "hyprlang",
        "type": "github"
      }
    },
    "hyprlang_2": {
      "inputs": {
        "nixpkgs": [
          "hyprland",
          "xdph",
          "nixpkgs"
        ]
      },
      "locked": {
        "lastModified": 1704287638,
        "narHash": "sha256-TuRXJGwtK440AXQNl5eiqmQqY4LZ/9+z/R7xC0ie3iA=",
        "owner": "hyprwm",
        "repo": "hyprlang",
        "rev": "6624f2bb66d4d27975766e81f77174adbe58ec97",
        "type": "github"
      },
      "original": {
        "owner": "hyprwm",
        "repo": "hyprlang",
        "type": "github"
      }
    },
    "hyprwm-contrib": {
      "inputs": {
        "nixpkgs": [
          "nixpkgs-unstable"
        ]
      },
      "locked": {
        "lastModified": 1706198673,
        "narHash": "sha256-bHlxFd+3QHy6eXtTzzhwVNcyxBSOxTvBuJGNUzI4C4M=",
        "owner": "hyprwm",
        "repo": "contrib",
        "rev": "16884001b26e6955ff4b88b4dfe4c8986e20f153",
        "type": "github"
      },
      "original": {
        "owner": "hyprwm",
        "repo": "contrib",
        "type": "github"
      }
    },
    "impermanence": {
      "locked": {
        "lastModified": 1706639736,
        "narHash": "sha256-CaG4j9+UwBDfinxxvJMo6yOonSmSo0ZgnbD7aj2Put0=",
        "owner": "nix-community",
        "repo": "impermanence",
        "rev": "cd13c2917eaa68e4c49fea0ff9cada45440d7045",
        "type": "github"
      },
      "original": {
        "owner": "nix-community",
        "repo": "impermanence",
        "type": "github"
      }
    },
    "kindleToOrg": {
      "inputs": {
        "flake-parts": "flake-parts_3",
        "nixpkgs": "nixpkgs_5"
      },
      "locked": {
        "lastModified": 1672408674,
        "narHash": "sha256-uxv/AKMgKu+lp+82IC5bVKMCxDiytl5bpdKEpR3N8k0=",
        "owner": "fedeizzo",
        "repo": "KindleToOrg",
        "rev": "fa0bddedd1c28830cafb99d6b22704bec18ee925",
        "type": "github"
      },
      "original": {
        "owner": "fedeizzo",
        "repo": "KindleToOrg",
        "type": "github"
      }
    },
    "mach-nix": {
      "inputs": {
        "flake-utils": "flake-utils_3",
        "nixpkgs": "nixpkgs_4",
        "pypi-deps-db": "pypi-deps-db_2"
      },
      "locked": {
        "lastModified": 1618982703,
        "narHash": "sha256-9dSHtu9XfK04caPx6kXvmhcnC3t+8bS65yqS6U4nQ/g=",
        "owner": "DavHau",
        "repo": "mach-nix",
        "rev": "9543999c8abb56524347a6236e7b1c5e4aaa2c1d",
        "type": "github"
      },
      "original": {
        "id": "mach-nix",
        "type": "indirect"
      }
    },
    "mobile-nixos": {
      "flake": false,
      "locked": {
        "lastModified": 1694727595,
        "narHash": "sha256-mwDJFRcspcYYaz9/kWtz6/KnCc8dPgi80zHdkDFCRVU=",
        "owner": "NixOs",
        "repo": "mobile-nixos",
        "rev": "92910bbba6ed6e1da81a9818c2f1f0e1b2ac1b3f",
        "type": "github"
      },
      "original": {
        "owner": "NixOs",
        "ref": "master",
        "repo": "mobile-nixos",
        "type": "github"
      }
    },
    "nix-bubblewrap": {
      "inputs": {
        "flake-utils": "flake-utils_4",
        "nixpkgs": [
          "nixpkgs"
        ]
      },
      "locked": {
        "lastModified": 1667333413,
        "narHash": "sha256-QGR6Src6UNXac3fgoe9PW40bAOYy0f05DGcRD2ae2S4=",
        "owner": "~fgaz",
        "repo": "nix-bubblewrap",
        "rev": "a24e9553ee84d01aa2f9b35f30c75728864dfa52",
        "type": "sourcehut"
      },
      "original": {
        "owner": "~fgaz",
        "repo": "nix-bubblewrap",
        "type": "sourcehut"
      }
    },
    "nixos-hardware": {
      "locked": {
        "lastModified": 1708594753,
        "narHash": "sha256-c/gH7iXS/IYH9NrFOT+aJqTq+iEBkvAkpWuUHGU3+f0=",
        "owner": "NixOS",
        "repo": "nixos-hardware",
        "rev": "3f7d0bca003eac1a1a7f4659bbab9c8f8c2a0958",
        "type": "github"
      },
      "original": {
        "owner": "NixOS",
        "ref": "master",
        "repo": "nixos-hardware",
        "type": "github"
      }
    },
    "nixpkgs": {
      "locked": {
        "lastModified": 1702272962,
        "narHash": "sha256-D+zHwkwPc6oYQ4G3A1HuadopqRwUY/JkMwHz1YF7j4Q=",
        "owner": "NixOS",
        "repo": "nixpkgs",
        "rev": "e97b3e4186bcadf0ef1b6be22b8558eab1cdeb5d",
        "type": "github"
      },
      "original": {
        "owner": "NixOS",
        "ref": "nixpkgs-unstable",
        "repo": "nixpkgs",
        "type": "github"
      }
    },
    "nixpkgs-duet": {
      "locked": {
        "lastModified": 1708475490,
        "narHash": "sha256-g1v0TsWBQPX97ziznfJdWhgMyMGtoBFs102xSYO4syU=",
        "owner": "nixos",
        "repo": "nixpkgs",
        "rev": "0e74ca98a74bc7270d28838369593635a5db3260",
        "type": "github"
      },
      "original": {
        "owner": "nixos",
        "ref": "nixos-unstable",
        "repo": "nixpkgs",
        "type": "github"
      }
    },
    "nixpkgs-lib": {
      "locked": {
        "dir": "lib",
        "lastModified": 1703961334,
        "narHash": "sha256-M1mV/Cq+pgjk0rt6VxoyyD+O8cOUiai8t9Q6Yyq4noY=",
        "owner": "NixOS",
        "repo": "nixpkgs",
        "rev": "b0d36bd0a420ecee3bc916c91886caca87c894e9",
        "type": "github"
      },
      "original": {
        "dir": "lib",
        "owner": "NixOS",
        "ref": "nixos-unstable",
        "repo": "nixpkgs",
        "type": "github"
      }
    },
    "nixpkgs-lib_2": {
      "locked": {
        "dir": "lib",
        "lastModified": 1665349835,
        "narHash": "sha256-UK4urM3iN80UXQ7EaOappDzcisYIuEURFRoGQ/yPkug=",
        "owner": "NixOS",
        "repo": "nixpkgs",
        "rev": "34c5293a71ffdb2fe054eb5288adc1882c1eb0b1",
        "type": "github"
      },
      "original": {
        "dir": "lib",
        "owner": "NixOS",
        "ref": "nixos-unstable",
        "repo": "nixpkgs",
        "type": "github"
      }
    },
    "nixpkgs-lib_3": {
      "locked": {
        "dir": "lib",
        "lastModified": 1671359686,
        "narHash": "sha256-3MpC6yZo+Xn9cPordGz2/ii6IJpP2n8LE8e/ebUXLrs=",
        "owner": "NixOS",
        "repo": "nixpkgs",
        "rev": "04f574a1c0fde90b51bf68198e2297ca4e7cccf4",
        "type": "github"
      },
      "original": {
        "dir": "lib",
        "owner": "NixOS",
        "ref": "nixos-unstable",
        "repo": "nixpkgs",
        "type": "github"
      }
    },
    "nixpkgs-old": {
      "locked": {
        "lastModified": 1659446231,
        "narHash": "sha256-hekabNdTdgR/iLsgce5TGWmfIDZ86qjPhxDg/8TlzhE=",
        "owner": "nixos",
        "repo": "nixpkgs",
        "rev": "eabc38219184cc3e04a974fe31857d8e0eac098d",
        "type": "github"
      },
      "original": {
        "owner": "nixos",
        "ref": "nixos-21.11",
        "repo": "nixpkgs",
        "type": "github"
      }
    },
    "nixpkgs-rasp": {
      "locked": {
        "lastModified": 1704290814,
        "narHash": "sha256-LWvKHp7kGxk/GEtlrGYV68qIvPHkU9iToomNFGagixU=",
        "owner": "nixos",
        "repo": "nixpkgs",
        "rev": "70bdadeb94ffc8806c0570eb5c2695ad29f0e421",
        "type": "github"
      },
      "original": {
        "owner": "nixos",
        "ref": "nixos-23.05",
        "repo": "nixpkgs",
        "type": "github"
      }
    },
    "nixpkgs-stable": {
      "locked": {
        "lastModified": 1708440434,
        "narHash": "sha256-XY+B9mbhL/i+Q6fP6gBQ6P76rv9rWtpjQiUJ+DGtaUg=",
        "owner": "NixOS",
        "repo": "nixpkgs",
        "rev": "526d051b128b82ae045a70e5ff1adf8e6dafa560",
        "type": "github"
      },
      "original": {
        "owner": "NixOS",
        "ref": "nixos-23.11",
        "repo": "nixpkgs",
        "type": "github"
      }
    },
    "nixpkgs-stable_2": {
      "locked": {
        "lastModified": 1708210246,
        "narHash": "sha256-Q8L9XwrBK53fbuuIFMbjKvoV7ixfLFKLw4yV+SD28Y8=",
        "owner": "NixOS",
        "repo": "nixpkgs",
        "rev": "69405156cffbdf2be50153f13cbdf9a0bea38e49",
        "type": "github"
      },
      "original": {
        "owner": "NixOS",
        "ref": "release-23.11",
        "repo": "nixpkgs",
        "type": "github"
      }
    },
    "nixpkgs-unstable": {
      "locked": {
        "lastModified": 1708475490,
        "narHash": "sha256-g1v0TsWBQPX97ziznfJdWhgMyMGtoBFs102xSYO4syU=",
        "owner": "NixOS",
        "repo": "nixpkgs",
        "rev": "0e74ca98a74bc7270d28838369593635a5db3260",
        "type": "github"
      },
      "original": {
        "owner": "NixOS",
        "ref": "nixos-unstable",
        "repo": "nixpkgs",
        "type": "github"
      }
    },
    "nixpkgsPy36": {
      "locked": {
        "lastModified": 1601475821,
        "narHash": "sha256-7AI8j/xq5slauMGwC3Dp2K9TKDyDtBXBebeyWsE9euE=",
        "owner": "NixOS",
        "repo": "nixpkgs",
        "rev": "b4db68ff563895eea6aab4ff24fa04ef403dfe14",
        "type": "github"
      },
      "original": {
        "id": "nixpkgs",
        "rev": "b4db68ff563895eea6aab4ff24fa04ef403dfe14",
        "type": "indirect"
      }
    },
    "nixpkgs_2": {
      "locked": {
        "lastModified": 1704842529,
        "narHash": "sha256-OTeQA+F8d/Evad33JMfuXC89VMetQbsU4qcaePchGr4=",
        "owner": "nixos",
        "repo": "nixpkgs",
        "rev": "eabe8d3eface69f5bb16c18f8662a702f50c20d5",
        "type": "github"
      },
      "original": {
        "owner": "nixos",
        "ref": "nixpkgs-unstable",
        "repo": "nixpkgs",
        "type": "github"
      }
    },
    "nixpkgs_3": {
      "locked": {
        "lastModified": 1671645043,
        "narHash": "sha256-XV3l2WQLLhuhLp+Qhi6ceUWLXBXfwDEwzXEUIG2zWwY=",
        "owner": "nixos",
        "repo": "nixpkgs",
        "rev": "c0f833ec353ba31b1ce585de914f50eb33634a44",
        "type": "github"
      },
      "original": {
        "owner": "nixos",
        "repo": "nixpkgs",
        "type": "github"
      }
    },
    "nixpkgs_4": {
      "locked": {
        "lastModified": 1615259932,
        "narHash": "sha256-IXecmbqCr+XCtFwzBO3tHEd8PoJ4X4EyPZebKbV2ioE=",
        "owner": "NixOS",
        "repo": "nixpkgs",
        "rev": "29b0d4d0b600f8f5dd0b86e3362a33d4181938f9",
        "type": "github"
      },
      "original": {
        "owner": "NixOS",
        "ref": "nixos-unstable",
        "repo": "nixpkgs",
        "type": "github"
      }
    },
    "nixpkgs_5": {
      "locked": {
        "lastModified": 1672406341,
        "narHash": "sha256-/7rr6tZmCcNRRIsExHwRGju6sZgVK0/pVmg4lZ6Gvv8=",
        "owner": "nixos",
        "repo": "nixpkgs",
        "rev": "4c5307057ad84440363b873658bb86e4c4d38677",
        "type": "github"
      },
      "original": {
        "owner": "nixos",
        "repo": "nixpkgs",
        "type": "github"
      }
    },
    "nixpkgs_6": {
      "locked": {
        "lastModified": 1704290814,
        "narHash": "sha256-LWvKHp7kGxk/GEtlrGYV68qIvPHkU9iToomNFGagixU=",
        "owner": "nixos",
        "repo": "nixpkgs",
        "rev": "70bdadeb94ffc8806c0570eb5c2695ad29f0e421",
        "type": "github"
      },
      "original": {
        "owner": "nixos",
        "ref": "nixos-23.05",
        "repo": "nixpkgs",
        "type": "github"
      }
    },
    "pypi-deps-db": {
      "inputs": {
        "mach-nix": "mach-nix",
        "nixpkgs": [
          "garminDB",
          "nixpkgs"
        ],
        "nixpkgsPy36": "nixpkgsPy36",
        "pypiIndex": "pypiIndex"
      },
      "locked": {
        "lastModified": 1670518748,
        "narHash": "sha256-pfUce0zlRI+tzxPgvRSKkusjxDCBVjCpkcDKWboHa+U=",
        "owner": "DavHau",
        "repo": "pypi-deps-db",
        "rev": "e9571cac25d2f509e44fec9dc94a3703a40126ff",
        "type": "github"
      },
      "original": {
        "owner": "DavHau",
        "repo": "pypi-deps-db",
        "type": "github"
      }
    },
    "pypi-deps-db_2": {
      "flake": false,
      "locked": {
        "lastModified": 1615363940,
        "narHash": "sha256-GJ3ONLWAr5ejqR5bKVfKpI/n+ClaxjyYewMP+QJyq5M=",
        "owner": "DavHau",
        "repo": "pypi-deps-db",
        "rev": "ab522f2d3255789f1ef97fa7c83d4342be156e67",
        "type": "github"
      },
      "original": {
        "owner": "DavHau",
        "repo": "pypi-deps-db",
        "type": "github"
      }
    },
    "pypiIndex": {
      "flake": false,
      "locked": {
        "lastModified": 1669568973,
        "narHash": "sha256-DGzSjoKAFsgZdOlFcFlnqzxPkxCAKXNvB25BsrehMn8=",
        "owner": "davhau",
        "repo": "nix-pypi-fetcher",
        "rev": "17f523a15e819fae41ab8a55b5f2851872e4c20b",
        "type": "github"
      },
      "original": {
        "owner": "davhau",
        "repo": "nix-pypi-fetcher",
        "type": "github"
      }
    },
    "root": {
      "inputs": {
        "deploy-rs": "deploy-rs",
        "emacs-overlay": "emacs-overlay",
        "emanote": "emanote",
        "flake-utils": "flake-utils_2",
        "garminDB": "garminDB",
        "home-manager": "home-manager",
        "hyprland": "hyprland",
        "hyprwm-contrib": "hyprwm-contrib",
        "impermanence": "impermanence",
        "kindleToOrg": "kindleToOrg",
        "mobile-nixos": "mobile-nixos",
        "nix-bubblewrap": "nix-bubblewrap",
        "nixos-hardware": "nixos-hardware",
        "nixpkgs": "nixpkgs_6",
        "nixpkgs-duet": "nixpkgs-duet",
        "nixpkgs-old": "nixpkgs-old",
        "nixpkgs-rasp": "nixpkgs-rasp",
        "nixpkgs-unstable": "nixpkgs-unstable",
        "sops-nix": "sops-nix"
      }
    },
    "sops-nix": {
      "inputs": {
        "nixpkgs": [
          "nixpkgs"
        ],
        "nixpkgs-stable": "nixpkgs-stable_2"
      },
      "locked": {
        "lastModified": 1708500294,
        "narHash": "sha256-mvJIecY3tDKZh7297mqOtOuAvP7U1rqjfLNfmfkjFpU=",
        "owner": "Mic92",
        "repo": "sops-nix",
        "rev": "f6b80ab6cd25e57f297fe466ad689d8a77057c11",
        "type": "github"
      },
      "original": {
        "owner": "Mic92",
        "repo": "sops-nix",
        "type": "github"
      }
    },
    "systems": {
      "locked": {
        "lastModified": 1681028828,
        "narHash": "sha256-Vy1rq5AaRuLzOxct8nz4T6wlgyUR7zLU309k9mBC768=",
        "owner": "nix-systems",
        "repo": "default",
        "rev": "da67096a3b9bf56a91d16901293e51ba5b49a27e",
        "type": "github"
      },
      "original": {
        "owner": "nix-systems",
        "repo": "default",
        "type": "github"
      }
    },
    "systems_2": {
      "locked": {
        "lastModified": 1681028828,
        "narHash": "sha256-Vy1rq5AaRuLzOxct8nz4T6wlgyUR7zLU309k9mBC768=",
        "owner": "nix-systems",
        "repo": "default",
        "rev": "da67096a3b9bf56a91d16901293e51ba5b49a27e",
        "type": "github"
      },
      "original": {
        "owner": "nix-systems",
        "repo": "default",
        "type": "github"
      }
    },
    "systems_3": {
      "locked": {
        "lastModified": 1681028828,
        "narHash": "sha256-Vy1rq5AaRuLzOxct8nz4T6wlgyUR7zLU309k9mBC768=",
        "owner": "nix-systems",
        "repo": "default",
        "rev": "da67096a3b9bf56a91d16901293e51ba5b49a27e",
        "type": "github"
      },
      "original": {
        "owner": "nix-systems",
        "repo": "default",
        "type": "github"
      }
    },
    "systems_4": {
      "locked": {
        "lastModified": 1681028828,
        "narHash": "sha256-Vy1rq5AaRuLzOxct8nz4T6wlgyUR7zLU309k9mBC768=",
        "owner": "nix-systems",
        "repo": "default",
        "rev": "da67096a3b9bf56a91d16901293e51ba5b49a27e",
        "type": "github"
      },
      "original": {
        "owner": "nix-systems",
        "repo": "default",
        "type": "github"
      }
    },
    "systems_5": {
      "locked": {
        "lastModified": 1689347949,
        "narHash": "sha256-12tWmuL2zgBgZkdoB6qXZsgJEH9LR3oUgpaQq2RbI80=",
        "owner": "nix-systems",
        "repo": "default-linux",
        "rev": "31732fcf5e8fea42e59c2488ad31a0e651500f68",
        "type": "github"
      },
      "original": {
        "owner": "nix-systems",
        "repo": "default-linux",
        "type": "github"
      }
    },
    "systems_6": {
      "locked": {
        "lastModified": 1681028828,
        "narHash": "sha256-Vy1rq5AaRuLzOxct8nz4T6wlgyUR7zLU309k9mBC768=",
        "owner": "nix-systems",
        "repo": "default",
        "rev": "da67096a3b9bf56a91d16901293e51ba5b49a27e",
        "type": "github"
      },
      "original": {
        "owner": "nix-systems",
        "repo": "default",
        "type": "github"
      }
    },
    "treefmt-nix": {
      "inputs": {
        "nixpkgs": [
          "emanote",
          "nixpkgs"
        ]
      },
      "locked": {
        "lastModified": 1693468138,
        "narHash": "sha256-DddblCahuTW8K0ncPOheTlG3igE8b15LJjafF1PWhOo=",
        "owner": "numtide",
        "repo": "treefmt-nix",
        "rev": "6930a5ba0a722385baf273885a03f561dcb1af67",
        "type": "github"
      },
      "original": {
        "owner": "numtide",
        "repo": "treefmt-nix",
        "type": "github"
      }
    },
    "unionmount": {
      "flake": false,
      "locked": {
        "lastModified": 1691619410,
        "narHash": "sha256-V9/OcGu9cy4kV9jta12A6w5BEj8awSEVYrXPpg8YckQ=",
        "owner": "srid",
        "repo": "unionmount",
        "rev": "ed73b627f88c8f021f41ba4b518ba41beff9df42",
        "type": "github"
      },
      "original": {
        "owner": "srid",
        "repo": "unionmount",
        "type": "github"
      }
    },
    "utils": {
      "inputs": {
        "systems": "systems"
      },
      "locked": {
        "lastModified": 1701680307,
        "narHash": "sha256-kAuep2h5ajznlPMD9rnQyffWG8EM/C73lejGofXvdM8=",
        "owner": "numtide",
        "repo": "flake-utils",
        "rev": "4022d587cbbfd70fe950c1e2083a02621806a725",
        "type": "github"
      },
      "original": {
        "owner": "numtide",
        "repo": "flake-utils",
        "type": "github"
      }
    },
    "wlroots": {
      "flake": false,
      "locked": {
        "host": "gitlab.freedesktop.org",
        "lastModified": 1706359063,
        "narHash": "sha256-5HUTG0p+nCJv3cn73AmFHRZdfRV5AD5N43g8xAePSKM=",
        "owner": "wlroots",
        "repo": "wlroots",
        "rev": "00b869c1a96f300a8f25da95d624524895e0ddf2",
        "type": "gitlab"
      },
      "original": {
        "host": "gitlab.freedesktop.org",
        "owner": "wlroots",
        "repo": "wlroots",
        "rev": "00b869c1a96f300a8f25da95d624524895e0ddf2",
        "type": "gitlab"
      }
    },
    "xdph": {
      "inputs": {
        "hyprland-protocols": [
          "hyprland",
          "hyprland-protocols"
        ],
        "hyprlang": "hyprlang_2",
        "nixpkgs": [
          "hyprland",
          "nixpkgs"
        ],
        "systems": [
          "hyprland",
          "systems"
        ]
      },
      "locked": {
        "lastModified": 1706521509,
        "narHash": "sha256-AInZ50acOJ3wzUwGzNr1TmxGTMx+8j6oSTzz4E7Vbp8=",
        "owner": "hyprwm",
        "repo": "xdg-desktop-portal-hyprland",
        "rev": "c06fd88b3da492b8f9067be021b9184f7012b5a8",
        "type": "github"
      },
      "original": {
        "owner": "hyprwm",
        "repo": "xdg-desktop-portal-hyprland",
        "type": "github"
      }
    }
  },
  "root": "root",
  "version": 7
}
