{
  "nodes": {
    "flake-utils": {
      "locked": {
        "lastModified": 1623875721,
        "narHash": "sha256-A8BU7bjS5GirpAUv4QA+QnJ4CceLHkcXdRp4xITDB0s=",
        "owner": "numtide",
        "repo": "flake-utils",
        "rev": "f7e004a55b120c02ecb6219596820fcd32ca8772",
        "type": "github"
      },
      "original": {
        "owner": "numtide",
        "repo": "flake-utils",
        "type": "github"
      }
    },
    "flake-utils_2": {
      "locked": {
        "lastModified": 1610051610,
        "narHash": "sha256-U9rPz/usA1/Aohhk7Cmc2gBrEEKRzcW4nwPWMPwja4Y=",
        "owner": "numtide",
        "repo": "flake-utils",
        "rev": "3982c9903e93927c2164caa727cd3f6a0e6d14cc",
        "type": "github"
      },
      "original": {
        "owner": "numtide",
        "repo": "flake-utils",
        "type": "github"
      }
    },
    "home-manager": {
      "inputs": {
        "nixpkgs": [
          "nixpkgs"
        ]
      },
      "locked": {
        "lastModified": 1627649712,
        "narHash": "sha256-AJBasvMKpsyJmCLdjroBElCHY5AlalbVy+XY5vjbgXc=",
        "owner": "rycee",
        "repo": "home-manager",
        "rev": "b39647e52ed3c0b989e9d5c965e598ae4c38d7ef",
        "type": "github"
      },
      "original": {
        "owner": "rycee",
        "ref": "release-21.05",
        "repo": "home-manager",
        "type": "github"
      }
    },
    "neovim-nightly-overlay": {
      "inputs": {
        "flake-utils": "flake-utils_2",
        "nixpkgs": [
          "nixpkgs"
        ]
      },
      "locked": {
        "dir": "contrib",
        "lastModified": 1629114938,
        "narHash": "sha256-GDUEe4+EK+D0k0g6xo9uhkib0SWWqvSABZDyrF9oeiM=",
        "owner": "neovim",
        "repo": "neovim",
        "rev": "fe815244f0c94ff543e5a9a81899b36c395ead54",
        "type": "github"
      },
      "original": {
        "dir": "contrib",
        "owner": "neovim",
        "ref": "release-0.5",
        "repo": "neovim",
        "type": "github"
      }
    },
    "nixpkgs": {
      "locked": {
        "lastModified": 1629139728,
        "narHash": "sha256-XuddZZNg61qSLsczyYGg/bugA+zR7I394Ev8A8SrdoY=",
        "owner": "nixos",
        "repo": "nixpkgs",
        "rev": "94c989365d563238068841763ecc5f7f4b25b22c",
        "type": "github"
      },
      "original": {
        "owner": "nixos",
        "ref": "nixos-21.05",
        "repo": "nixpkgs",
        "type": "github"
      }
    },
    "nixpkgs-unstable": {
      "locked": {
        "lastModified": 1629618782,
        "narHash": "sha256-2K8SSXu3alo/URI3MClGdDSns6Gb4ZaW4LET53UWyKk=",
        "owner": "nixos",
        "repo": "nixpkgs",
        "rev": "870959c7fb3a42af1863bed9e1756086a74eb649",
        "type": "github"
      },
      "original": {
        "owner": "nixos",
        "ref": "nixos-unstable",
        "repo": "nixpkgs",
        "type": "github"
      }
    },
    "root": {
      "inputs": {
        "flake-utils": "flake-utils",
        "home-manager": "home-manager",
        "neovim-nightly-overlay": "neovim-nightly-overlay",
        "nixpkgs": "nixpkgs",
        "nixpkgs-unstable": "nixpkgs-unstable"
      }
    }
  },
  "root": "root",
  "version": 7
}
