{
  "nodes": {
    "emacs-overlay": {
      "inputs": {
        "flake-utils": "flake-utils",
        "nixpkgs": [
          "nixpkgs"
        ]
      },
      "locked": {
        "lastModified": 1654859398,
        "narHash": "sha256-gw2dGEnIzUYZo27yHxY1SQj3LVA9iiCMSdUwouyKDAM=",
        "owner": "nix-community",
        "repo": "emacs-overlay",
        "rev": "651c417e7fd8d8f1ee67560bc0b2f85aba2c9cab",
        "type": "github"
      },
      "original": {
        "owner": "nix-community",
        "repo": "emacs-overlay",
        "type": "github"
      }
    },
    "flake-utils": {
      "locked": {
        "lastModified": 1653893745,
        "narHash": "sha256-0jntwV3Z8//YwuOjzhV2sgJJPt+HY6KhU7VZUL0fKZQ=",
        "owner": "numtide",
        "repo": "flake-utils",
        "rev": "1ed9fb1935d260de5fe1c2f7ee0ebaae17ed2fa1",
        "type": "github"
      },
      "original": {
        "owner": "numtide",
        "repo": "flake-utils",
        "type": "github"
      }
    },
    "nixpkgs": {
      "locked": {
        "lastModified": 1654758790,
        "narHash": "sha256-bXimktlkjL9s8ldMzMBslxEs80cjZDqrof1g8MbhmQI=",
        "owner": "nixos",
        "repo": "nixpkgs",
        "rev": "e5556c75ac012ee6e03f39a56c1c51b0f7d658c2",
        "type": "github"
      },
      "original": {
        "owner": "nixos",
        "ref": "nixos-22.05",
        "repo": "nixpkgs",
        "type": "github"
      }
    },
    "nixpkgs-unstable": {
      "locked": {
        "lastModified": 1654682581,
        "narHash": "sha256-Jb1PQCwKgwdNAp907eR5zPzuxV+kRroA3UIxUxCMJ9s=",
        "owner": "NixOS",
        "repo": "nixpkgs",
        "rev": "e0169d7a9d324afebf5679551407756c77af8930",
        "type": "github"
      },
      "original": {
        "owner": "NixOS",
        "ref": "nixos-unstable",
        "repo": "nixpkgs",
        "type": "github"
      }
    },
    "root": {
      "inputs": {
        "emacs-overlay": "emacs-overlay",
        "nixpkgs": "nixpkgs",
        "nixpkgs-unstable": "nixpkgs-unstable"
      }
    }
  },
  "root": "root",
  "version": 7
}
